// !$*UTF8*$!
{
	archiveVersion = 1;
	classes = {
	};
	objectVersion = 56;
	objects = {

/* Begin PBXBuildFile section */
		0ECAD61027363EF0515B97B2 /* Pods_lunchmate_ios.framework in Frameworks */ = {isa = PBXBuildFile; fileRef = 3E2A5948068B4AA73A055C01 /* Pods_lunchmate_ios.framework */; };
		2D1E236C2BEA8DA200C94D8B /* UIViewExtencion.swift in Sources */ = {isa = PBXBuildFile; fileRef = 2D1E236B2BEA8DA200C94D8B /* UIViewExtencion.swift */; };
		2D1E236E2BEA8EE100C94D8B /* SlotAdditionOverlayViewController.swift in Sources */ = {isa = PBXBuildFile; fileRef = 2D1E236D2BEA8EE100C94D8B /* SlotAdditionOverlayViewController.swift */; };
		2D1E23702BEA8FFF00C94D8B /* SlotAdditionViewModel.swift in Sources */ = {isa = PBXBuildFile; fileRef = 2D1E236F2BEA8FFF00C94D8B /* SlotAdditionViewModel.swift */; };
		2D1E23722BEF895400C94D8B /* GoogleService-Info.plist in Resources */ = {isa = PBXBuildFile; fileRef = 2D1E23712BEF895400C94D8B /* GoogleService-Info.plist */; };
		2D23B4E12BA0D19000D59418 /* AccountCollectionViewCell.swift in Sources */ = {isa = PBXBuildFile; fileRef = 2D23B4E02BA0D19000D59418 /* AccountCollectionViewCell.swift */; };
		2D23B4E42BA0E09400D59418 /* AccountHeaderCollectionView.swift in Sources */ = {isa = PBXBuildFile; fileRef = 2D23B4E32BA0E09400D59418 /* AccountHeaderCollectionView.swift */; };
		2D484DB62BB982D800C291AB /* AccountEditingViewModel.swift in Sources */ = {isa = PBXBuildFile; fileRef = 2D484DB52BB982D800C291AB /* AccountEditingViewModel.swift */; };
		2D484DB92BBABEA600C291AB /* AccountEditionHeaderCollectionView.swift in Sources */ = {isa = PBXBuildFile; fileRef = 2D484DB82BBABEA600C291AB /* AccountEditionHeaderCollectionView.swift */; };
		2D484DBB2BBAC5D300C291AB /* AccountEditionCollectionViewCell.swift in Sources */ = {isa = PBXBuildFile; fileRef = 2D484DBA2BBAC5D300C291AB /* AccountEditionCollectionViewCell.swift */; };
		2D484DBF2BBC0B7D00C291AB /* CustomTextField.swift in Sources */ = {isa = PBXBuildFile; fileRef = 2D484DBE2BBC0B7D00C291AB /* CustomTextField.swift */; };
		2D484DC32BBD7F4600C291AB /* AccountEditingCollectionViewCellViewModel.swift in Sources */ = {isa = PBXBuildFile; fileRef = 2D484DC22BBD7F4600C291AB /* AccountEditingCollectionViewCellViewModel.swift */; };
		2D570D7B2BF3B40000E50A03 /* Lunch.swift in Sources */ = {isa = PBXBuildFile; fileRef = 2D570D7A2BF3B40000E50A03 /* Lunch.swift */; };
		2D570D7E2BF3E1FD00E50A03 /* NetworkUsers.swift in Sources */ = {isa = PBXBuildFile; fileRef = 2D570D7D2BF3E1FD00E50A03 /* NetworkUsers.swift */; };
		2D570D802BF4D14800E50A03 /* NetworkTimeslot.swift in Sources */ = {isa = PBXBuildFile; fileRef = 2D570D7F2BF4D14800E50A03 /* NetworkTimeslot.swift */; };
		2D570D852BF54B5F00E50A03 /* NotificationsViewModel.swift in Sources */ = {isa = PBXBuildFile; fileRef = 2D570D842BF54B5F00E50A03 /* NotificationsViewModel.swift */; };
		2D570D872BF54F0000E50A03 /* NotificationsCollectionViewCell.swift in Sources */ = {isa = PBXBuildFile; fileRef = 2D570D862BF54F0000E50A03 /* NotificationsCollectionViewCell.swift */; };
		2D76BECD2BCEA77300BF6EEA /* SlotsCollectionViewCell.swift in Sources */ = {isa = PBXBuildFile; fileRef = 2D76BECC2BCEA77300BF6EEA /* SlotsCollectionViewCell.swift */; };
		2D7C23752B9864CB0095B94D /* Dynamic.swift in Sources */ = {isa = PBXBuildFile; fileRef = 2D7C23742B9864CB0095B94D /* Dynamic.swift */; };
		2D7C23782B987EC20095B94D /* MainCellViewModel.swift in Sources */ = {isa = PBXBuildFile; fileRef = 2D7C23772B987EC20095B94D /* MainCellViewModel.swift */; };
		2D7C237D2B988B3E0095B94D /* AccountViewModel.swift in Sources */ = {isa = PBXBuildFile; fileRef = 2D7C237C2B988B3E0095B94D /* AccountViewModel.swift */; };
		2D7C23802B989DAC0095B94D /* SlotAdditionPresentationController.swift in Sources */ = {isa = PBXBuildFile; fileRef = 2D7C237F2B989DAC0095B94D /* SlotAdditionPresentationController.swift */; };
		2D7C23822B989F5C0095B94D /* FilterViewController.swift in Sources */ = {isa = PBXBuildFile; fileRef = 2D7C23812B989F5C0095B94D /* FilterViewController.swift */; };
		2D7C23892B98B8620095B94D /* UISearchBarExtencion.swift in Sources */ = {isa = PBXBuildFile; fileRef = 2D7C23882B98B8620095B94D /* UISearchBarExtencion.swift */; };
		2D7E9C742BE7D92B00B324EB /* CustomMessageView.swift in Sources */ = {isa = PBXBuildFile; fileRef = 2D7E9C732BE7D92B00B324EB /* CustomMessageView.swift */; };
		2D8BC1092B73B0AB00CA1D07 /* AppDelegate.swift in Sources */ = {isa = PBXBuildFile; fileRef = 2D8BC1082B73B0AB00CA1D07 /* AppDelegate.swift */; };
		2D8BC10B2B73B0AB00CA1D07 /* SceneDelegate.swift in Sources */ = {isa = PBXBuildFile; fileRef = 2D8BC10A2B73B0AB00CA1D07 /* SceneDelegate.swift */; };
		2D8BC10D2B73B0AB00CA1D07 /* MainViewController.swift in Sources */ = {isa = PBXBuildFile; fileRef = 2D8BC10C2B73B0AB00CA1D07 /* MainViewController.swift */; };
		2D8BC1122B73B0AD00CA1D07 /* Assets.xcassets in Resources */ = {isa = PBXBuildFile; fileRef = 2D8BC1112B73B0AD00CA1D07 /* Assets.xcassets */; };
		2D8BC1152B73B0AD00CA1D07 /* LaunchScreen.storyboard in Resources */ = {isa = PBXBuildFile; fileRef = 2D8BC1132B73B0AD00CA1D07 /* LaunchScreen.storyboard */; };
		2D8BC1202B73B0AD00CA1D07 /* lunchmate_iosTests.swift in Sources */ = {isa = PBXBuildFile; fileRef = 2D8BC11F2B73B0AD00CA1D07 /* lunchmate_iosTests.swift */; };
		2D8BC12A2B73B0AD00CA1D07 /* lunchmate_iosUITests.swift in Sources */ = {isa = PBXBuildFile; fileRef = 2D8BC1292B73B0AD00CA1D07 /* lunchmate_iosUITests.swift */; };
		2D8BC12C2B73B0AD00CA1D07 /* lunchmate_iosUITestsLaunchTests.swift in Sources */ = {isa = PBXBuildFile; fileRef = 2D8BC12B2B73B0AD00CA1D07 /* lunchmate_iosUITestsLaunchTests.swift */; };
		2DCDCD132C01072700C78AB4 /* NetworkLunch.swift in Sources */ = {isa = PBXBuildFile; fileRef = 2DCDCD122C01072700C78AB4 /* NetworkLunch.swift */; };
		2DCDCD152C01EEFB00C78AB4 /* NotificationsCollectionViewCellViewModel.swift in Sources */ = {isa = PBXBuildFile; fileRef = 2DCDCD142C01EEFB00C78AB4 /* NotificationsCollectionViewCellViewModel.swift */; };
		2DE3A1482BCD3450008D79EE /* Timeslot.swift in Sources */ = {isa = PBXBuildFile; fileRef = 2DE3A1472BCD3450008D79EE /* Timeslot.swift */; };
		2DE3A14B2BCD5C2A008D79EE /* DataPickerHeaderCollectionView.swift in Sources */ = {isa = PBXBuildFile; fileRef = 2DE3A14A2BCD5C2A008D79EE /* DataPickerHeaderCollectionView.swift */; };
		2DE3A14D2BCD7D57008D79EE /* ScheduleCollectionViewCell.swift in Sources */ = {isa = PBXBuildFile; fileRef = 2DE3A14C2BCD7D57008D79EE /* ScheduleCollectionViewCell.swift */; };
		2DE3A14F2BCDB7C6008D79EE /* ScheduleViewModel.swift in Sources */ = {isa = PBXBuildFile; fileRef = 2DE3A14E2BCDB7C6008D79EE /* ScheduleViewModel.swift */; };
		2DF7B1232C00AA9C00BC9190 /* CollegueSheduleCollectionViewCell.swift in Sources */ = {isa = PBXBuildFile; fileRef = 2DF7B1222C00AA9C00BC9190 /* CollegueSheduleCollectionViewCell.swift */; };
		2DF7B1252C00ABBA00BC9190 /* CollegueSheduleHeaderCollectionView.swift in Sources */ = {isa = PBXBuildFile; fileRef = 2DF7B1242C00ABBA00BC9190 /* CollegueSheduleHeaderCollectionView.swift */; };
		2DF7B1272C00D19200BC9190 /* AccountScheduleCellViewModel.swift in Sources */ = {isa = PBXBuildFile; fileRef = 2DF7B1262C00D19200BC9190 /* AccountScheduleCellViewModel.swift */; };
		2DF7B1292C00DF3C00BC9190 /* AccountSheduleCollectionViewCell.swift in Sources */ = {isa = PBXBuildFile; fileRef = 2DF7B1282C00DF3C00BC9190 /* AccountSheduleCollectionViewCell.swift */; };
		2DFC57A92B8DEBEB000AEE8D /* User.swift in Sources */ = {isa = PBXBuildFile; fileRef = 2DFC57A82B8DEBEB000AEE8D /* User.swift */; };
		2DFC57AB2B8DEC8B000AEE8D /* City.swift in Sources */ = {isa = PBXBuildFile; fileRef = 2DFC57AA2B8DEC8B000AEE8D /* City.swift */; };
		2DFC57AD2B8DEC98000AEE8D /* Office.swift in Sources */ = {isa = PBXBuildFile; fileRef = 2DFC57AC2B8DEC98000AEE8D /* Office.swift */; };
		2DFC57B22B8DF9DE000AEE8D /* APIManager.swift in Sources */ = {isa = PBXBuildFile; fileRef = 2DFC57B12B8DF9DE000AEE8D /* APIManager.swift */; };
		2DFC57B42B8E04D9000AEE8D /* MainViewModel.swift in Sources */ = {isa = PBXBuildFile; fileRef = 2DFC57B32B8E04D9000AEE8D /* MainViewModel.swift */; };
		2DFC57BA2B8E0619000AEE8D /* TabBarController.swift in Sources */ = {isa = PBXBuildFile; fileRef = 2DFC57B92B8E0619000AEE8D /* TabBarController.swift */; };
		2DFC57BC2B8E065A000AEE8D /* AccountViewController.swift in Sources */ = {isa = PBXBuildFile; fileRef = 2DFC57BB2B8E065A000AEE8D /* AccountViewController.swift */; };
		2DFC57BE2B8E0681000AEE8D /* ScheduleViewController.swift in Sources */ = {isa = PBXBuildFile; fileRef = 2DFC57BD2B8E0681000AEE8D /* ScheduleViewController.swift */; };
		2DFC57C02B8E0694000AEE8D /* NotificationsViewController.swift in Sources */ = {isa = PBXBuildFile; fileRef = 2DFC57BF2B8E0694000AEE8D /* NotificationsViewController.swift */; };
		2DFC57C22B8E4F8E000AEE8D /* SF-Pro.ttf in Resources */ = {isa = PBXBuildFile; fileRef = 2DFC57C12B8E4F8E000AEE8D /* SF-Pro.ttf */; };
		2DFC57C32B8E4F8E000AEE8D /* SF-Pro.ttf in Resources */ = {isa = PBXBuildFile; fileRef = 2DFC57C12B8E4F8E000AEE8D /* SF-Pro.ttf */; };
		2DFC57C42B8E4F8E000AEE8D /* SF-Pro.ttf in Resources */ = {isa = PBXBuildFile; fileRef = 2DFC57C12B8E4F8E000AEE8D /* SF-Pro.ttf */; };
		2DFC57C72B8E71E5000AEE8D /* AccountEditingViewController.swift in Sources */ = {isa = PBXBuildFile; fileRef = 2DFC57C62B8E71E4000AEE8D /* AccountEditingViewController.swift */; };
		2DFC57C82B8E71E5000AEE8D /* AccountEditingViewController.swift in Sources */ = {isa = PBXBuildFile; fileRef = 2DFC57C62B8E71E4000AEE8D /* AccountEditingViewController.swift */; };
		2DFC57C92B8E71E5000AEE8D /* AccountEditingViewController.swift in Sources */ = {isa = PBXBuildFile; fileRef = 2DFC57C62B8E71E4000AEE8D /* AccountEditingViewController.swift */; };
		2DFC57CC2B8F209D000AEE8D /* MainCollectionViewCell.swift in Sources */ = {isa = PBXBuildFile; fileRef = 2DFC57CB2B8F209D000AEE8D /* MainCollectionViewCell.swift */; };
		2DFC57CD2B8F209D000AEE8D /* MainCollectionViewCell.swift in Sources */ = {isa = PBXBuildFile; fileRef = 2DFC57CB2B8F209D000AEE8D /* MainCollectionViewCell.swift */; };
		2DFC57CE2B8F209D000AEE8D /* MainCollectionViewCell.swift in Sources */ = {isa = PBXBuildFile; fileRef = 2DFC57CB2B8F209D000AEE8D /* MainCollectionViewCell.swift */; };
		2DFC57D22B8F3FBA000AEE8D /* Roboto-Regular.ttf in Resources */ = {isa = PBXBuildFile; fileRef = 2DFC57D12B8F3FBA000AEE8D /* Roboto-Regular.ttf */; };
		2DFC57D32B8F3FBA000AEE8D /* Roboto-Regular.ttf in Resources */ = {isa = PBXBuildFile; fileRef = 2DFC57D12B8F3FBA000AEE8D /* Roboto-Regular.ttf */; };
		2DFC57D42B8F3FBA000AEE8D /* Roboto-Regular.ttf in Resources */ = {isa = PBXBuildFile; fileRef = 2DFC57D12B8F3FBA000AEE8D /* Roboto-Regular.ttf */; };
		2DFC57D52B8F3FC0000AEE8D /* Roboto-Italic.ttf in Resources */ = {isa = PBXBuildFile; fileRef = 2DFC57CF2B8F3F99000AEE8D /* Roboto-Italic.ttf */; };
		2DFC57D62B8F3FC0000AEE8D /* Roboto-Italic.ttf in Resources */ = {isa = PBXBuildFile; fileRef = 2DFC57CF2B8F3F99000AEE8D /* Roboto-Italic.ttf */; };
		2DFC57D72B8F3FC1000AEE8D /* Roboto-Italic.ttf in Resources */ = {isa = PBXBuildFile; fileRef = 2DFC57CF2B8F3F99000AEE8D /* Roboto-Italic.ttf */; };
		2DFC57D82B8F3FC3000AEE8D /* Roboto-Medium.ttf in Resources */ = {isa = PBXBuildFile; fileRef = 2DFC57D02B8F3FAD000AEE8D /* Roboto-Medium.ttf */; };
		2DFC57D92B8F3FC4000AEE8D /* Roboto-Medium.ttf in Resources */ = {isa = PBXBuildFile; fileRef = 2DFC57D02B8F3FAD000AEE8D /* Roboto-Medium.ttf */; };
		2DFC57DA2B8F3FC4000AEE8D /* Roboto-Medium.ttf in Resources */ = {isa = PBXBuildFile; fileRef = 2DFC57D02B8F3FAD000AEE8D /* Roboto-Medium.ttf */; };
		9C2442D4462D4AEE513F6890 /* Pods_lunchmate_ios_lunchmate_iosUITests.framework in Frameworks */ = {isa = PBXBuildFile; fileRef = 6C6A6641ABE2444C15FFA420 /* Pods_lunchmate_ios_lunchmate_iosUITests.framework */; };
		A6486A3573579FD6753AA8F0 /* Pods_lunchmate_iosTests.framework in Frameworks */ = {isa = PBXBuildFile; fileRef = A68C1316B61646D8DE810008 /* Pods_lunchmate_iosTests.framework */; };
/* End PBXBuildFile section */

/* Begin PBXContainerItemProxy section */
		2D8BC11C2B73B0AD00CA1D07 /* PBXContainerItemProxy */ = {
			isa = PBXContainerItemProxy;
			containerPortal = 2D8BC0FD2B73B0AB00CA1D07 /* Project object */;
			proxyType = 1;
			remoteGlobalIDString = 2D8BC1042B73B0AB00CA1D07;
			remoteInfo = "lunchmate-ios";
		};
		2D8BC1262B73B0AD00CA1D07 /* PBXContainerItemProxy */ = {
			isa = PBXContainerItemProxy;
			containerPortal = 2D8BC0FD2B73B0AB00CA1D07 /* Project object */;
			proxyType = 1;
			remoteGlobalIDString = 2D8BC1042B73B0AB00CA1D07;
			remoteInfo = "lunchmate-ios";
		};
/* End PBXContainerItemProxy section */

/* Begin PBXFileReference section */
		023EBB108182700843D5734F /* Pods-lunchmate-ios-lunchmate-iosUITests.release.xcconfig */ = {isa = PBXFileReference; includeInIndex = 1; lastKnownFileType = text.xcconfig; name = "Pods-lunchmate-ios-lunchmate-iosUITests.release.xcconfig"; path = "Target Support Files/Pods-lunchmate-ios-lunchmate-iosUITests/Pods-lunchmate-ios-lunchmate-iosUITests.release.xcconfig"; sourceTree = "<group>"; };
		24723832350E1C9FCBE78C3F /* Pods-lunchmate-ios.debug.xcconfig */ = {isa = PBXFileReference; includeInIndex = 1; lastKnownFileType = text.xcconfig; name = "Pods-lunchmate-ios.debug.xcconfig"; path = "Target Support Files/Pods-lunchmate-ios/Pods-lunchmate-ios.debug.xcconfig"; sourceTree = "<group>"; };
		2D1E236B2BEA8DA200C94D8B /* UIViewExtencion.swift */ = {isa = PBXFileReference; lastKnownFileType = sourcecode.swift; path = UIViewExtencion.swift; sourceTree = "<group>"; };
		2D1E236D2BEA8EE100C94D8B /* SlotAdditionOverlayViewController.swift */ = {isa = PBXFileReference; lastKnownFileType = sourcecode.swift; path = SlotAdditionOverlayViewController.swift; sourceTree = "<group>"; };
		2D1E236F2BEA8FFF00C94D8B /* SlotAdditionViewModel.swift */ = {isa = PBXFileReference; lastKnownFileType = sourcecode.swift; path = SlotAdditionViewModel.swift; sourceTree = "<group>"; };
		2D1E23712BEF895400C94D8B /* GoogleService-Info.plist */ = {isa = PBXFileReference; fileEncoding = 4; lastKnownFileType = text.plist.xml; path = "GoogleService-Info.plist"; sourceTree = "<group>"; };
		2D23B4E02BA0D19000D59418 /* AccountCollectionViewCell.swift */ = {isa = PBXFileReference; lastKnownFileType = sourcecode.swift; path = AccountCollectionViewCell.swift; sourceTree = "<group>"; };
		2D23B4E32BA0E09400D59418 /* AccountHeaderCollectionView.swift */ = {isa = PBXFileReference; lastKnownFileType = sourcecode.swift; path = AccountHeaderCollectionView.swift; sourceTree = "<group>"; };
		2D484DB52BB982D800C291AB /* AccountEditingViewModel.swift */ = {isa = PBXFileReference; lastKnownFileType = sourcecode.swift; path = AccountEditingViewModel.swift; sourceTree = "<group>"; };
		2D484DB82BBABEA600C291AB /* AccountEditionHeaderCollectionView.swift */ = {isa = PBXFileReference; lastKnownFileType = sourcecode.swift; path = AccountEditionHeaderCollectionView.swift; sourceTree = "<group>"; };
		2D484DBA2BBAC5D300C291AB /* AccountEditionCollectionViewCell.swift */ = {isa = PBXFileReference; lastKnownFileType = sourcecode.swift; path = AccountEditionCollectionViewCell.swift; sourceTree = "<group>"; };
		2D484DBE2BBC0B7D00C291AB /* CustomTextField.swift */ = {isa = PBXFileReference; lastKnownFileType = sourcecode.swift; path = CustomTextField.swift; sourceTree = "<group>"; };
		2D484DC22BBD7F4600C291AB /* AccountEditingCollectionViewCellViewModel.swift */ = {isa = PBXFileReference; lastKnownFileType = sourcecode.swift; path = AccountEditingCollectionViewCellViewModel.swift; sourceTree = "<group>"; };
		2D570D7A2BF3B40000E50A03 /* Lunch.swift */ = {isa = PBXFileReference; lastKnownFileType = sourcecode.swift; path = Lunch.swift; sourceTree = "<group>"; };
		2D570D7D2BF3E1FD00E50A03 /* NetworkUsers.swift */ = {isa = PBXFileReference; lastKnownFileType = sourcecode.swift; path = NetworkUsers.swift; sourceTree = "<group>"; };
		2D570D7F2BF4D14800E50A03 /* NetworkTimeslot.swift */ = {isa = PBXFileReference; lastKnownFileType = sourcecode.swift; path = NetworkTimeslot.swift; sourceTree = "<group>"; };
		2D570D842BF54B5F00E50A03 /* NotificationsViewModel.swift */ = {isa = PBXFileReference; lastKnownFileType = sourcecode.swift; path = NotificationsViewModel.swift; sourceTree = "<group>"; };
		2D570D862BF54F0000E50A03 /* NotificationsCollectionViewCell.swift */ = {isa = PBXFileReference; lastKnownFileType = sourcecode.swift; path = NotificationsCollectionViewCell.swift; sourceTree = "<group>"; };
		2D76BECC2BCEA77300BF6EEA /* SlotsCollectionViewCell.swift */ = {isa = PBXFileReference; lastKnownFileType = sourcecode.swift; path = SlotsCollectionViewCell.swift; sourceTree = "<group>"; };
		2D7C23742B9864CB0095B94D /* Dynamic.swift */ = {isa = PBXFileReference; lastKnownFileType = sourcecode.swift; path = Dynamic.swift; sourceTree = "<group>"; };
		2D7C23772B987EC20095B94D /* MainCellViewModel.swift */ = {isa = PBXFileReference; lastKnownFileType = sourcecode.swift; path = MainCellViewModel.swift; sourceTree = "<group>"; };
		2D7C237C2B988B3E0095B94D /* AccountViewModel.swift */ = {isa = PBXFileReference; lastKnownFileType = sourcecode.swift; path = AccountViewModel.swift; sourceTree = "<group>"; };
		2D7C237F2B989DAC0095B94D /* SlotAdditionPresentationController.swift */ = {isa = PBXFileReference; lastKnownFileType = sourcecode.swift; path = SlotAdditionPresentationController.swift; sourceTree = "<group>"; };
		2D7C23812B989F5C0095B94D /* FilterViewController.swift */ = {isa = PBXFileReference; lastKnownFileType = sourcecode.swift; path = FilterViewController.swift; sourceTree = "<group>"; };
		2D7C23882B98B8620095B94D /* UISearchBarExtencion.swift */ = {isa = PBXFileReference; lastKnownFileType = sourcecode.swift; path = UISearchBarExtencion.swift; sourceTree = "<group>"; };
		2D7E9C732BE7D92B00B324EB /* CustomMessageView.swift */ = {isa = PBXFileReference; lastKnownFileType = sourcecode.swift; path = CustomMessageView.swift; sourceTree = "<group>"; };
		2D8BC1052B73B0AB00CA1D07 /* lunchmate-ios.app */ = {isa = PBXFileReference; explicitFileType = wrapper.application; includeInIndex = 0; path = "lunchmate-ios.app"; sourceTree = BUILT_PRODUCTS_DIR; };
		2D8BC1082B73B0AB00CA1D07 /* AppDelegate.swift */ = {isa = PBXFileReference; lastKnownFileType = sourcecode.swift; path = AppDelegate.swift; sourceTree = "<group>"; };
		2D8BC10A2B73B0AB00CA1D07 /* SceneDelegate.swift */ = {isa = PBXFileReference; lastKnownFileType = sourcecode.swift; path = SceneDelegate.swift; sourceTree = "<group>"; };
		2D8BC10C2B73B0AB00CA1D07 /* MainViewController.swift */ = {isa = PBXFileReference; lastKnownFileType = sourcecode.swift; path = MainViewController.swift; sourceTree = "<group>"; };
		2D8BC1112B73B0AD00CA1D07 /* Assets.xcassets */ = {isa = PBXFileReference; lastKnownFileType = folder.assetcatalog; path = Assets.xcassets; sourceTree = "<group>"; };
		2D8BC1142B73B0AD00CA1D07 /* Base */ = {isa = PBXFileReference; lastKnownFileType = file.storyboard; name = Base; path = Base.lproj/LaunchScreen.storyboard; sourceTree = "<group>"; };
		2D8BC1162B73B0AD00CA1D07 /* Info.plist */ = {isa = PBXFileReference; lastKnownFileType = text.plist.xml; path = Info.plist; sourceTree = "<group>"; };
		2D8BC11B2B73B0AD00CA1D07 /* lunchmate-iosTests.xctest */ = {isa = PBXFileReference; explicitFileType = wrapper.cfbundle; includeInIndex = 0; path = "lunchmate-iosTests.xctest"; sourceTree = BUILT_PRODUCTS_DIR; };
		2D8BC11F2B73B0AD00CA1D07 /* lunchmate_iosTests.swift */ = {isa = PBXFileReference; lastKnownFileType = sourcecode.swift; path = lunchmate_iosTests.swift; sourceTree = "<group>"; };
		2D8BC1252B73B0AD00CA1D07 /* lunchmate-iosUITests.xctest */ = {isa = PBXFileReference; explicitFileType = wrapper.cfbundle; includeInIndex = 0; path = "lunchmate-iosUITests.xctest"; sourceTree = BUILT_PRODUCTS_DIR; };
		2D8BC1292B73B0AD00CA1D07 /* lunchmate_iosUITests.swift */ = {isa = PBXFileReference; lastKnownFileType = sourcecode.swift; path = lunchmate_iosUITests.swift; sourceTree = "<group>"; };
		2D8BC12B2B73B0AD00CA1D07 /* lunchmate_iosUITestsLaunchTests.swift */ = {isa = PBXFileReference; lastKnownFileType = sourcecode.swift; path = lunchmate_iosUITestsLaunchTests.swift; sourceTree = "<group>"; };
		2DCDCD122C01072700C78AB4 /* NetworkLunch.swift */ = {isa = PBXFileReference; lastKnownFileType = sourcecode.swift; path = NetworkLunch.swift; sourceTree = "<group>"; };
		2DCDCD142C01EEFB00C78AB4 /* NotificationsCollectionViewCellViewModel.swift */ = {isa = PBXFileReference; lastKnownFileType = sourcecode.swift; path = NotificationsCollectionViewCellViewModel.swift; sourceTree = "<group>"; };
		2DE3A1472BCD3450008D79EE /* Timeslot.swift */ = {isa = PBXFileReference; lastKnownFileType = sourcecode.swift; path = Timeslot.swift; sourceTree = "<group>"; };
		2DE3A14A2BCD5C2A008D79EE /* DataPickerHeaderCollectionView.swift */ = {isa = PBXFileReference; lastKnownFileType = sourcecode.swift; path = DataPickerHeaderCollectionView.swift; sourceTree = "<group>"; };
		2DE3A14C2BCD7D57008D79EE /* ScheduleCollectionViewCell.swift */ = {isa = PBXFileReference; lastKnownFileType = sourcecode.swift; path = ScheduleCollectionViewCell.swift; sourceTree = "<group>"; };
		2DE3A14E2BCDB7C6008D79EE /* ScheduleViewModel.swift */ = {isa = PBXFileReference; lastKnownFileType = sourcecode.swift; path = ScheduleViewModel.swift; sourceTree = "<group>"; };
		2DF7B1222C00AA9C00BC9190 /* CollegueSheduleCollectionViewCell.swift */ = {isa = PBXFileReference; lastKnownFileType = sourcecode.swift; path = CollegueSheduleCollectionViewCell.swift; sourceTree = "<group>"; };
		2DF7B1242C00ABBA00BC9190 /* CollegueSheduleHeaderCollectionView.swift */ = {isa = PBXFileReference; lastKnownFileType = sourcecode.swift; path = CollegueSheduleHeaderCollectionView.swift; sourceTree = "<group>"; };
		2DF7B1262C00D19200BC9190 /* AccountScheduleCellViewModel.swift */ = {isa = PBXFileReference; lastKnownFileType = sourcecode.swift; path = AccountScheduleCellViewModel.swift; sourceTree = "<group>"; };
		2DF7B1282C00DF3C00BC9190 /* AccountSheduleCollectionViewCell.swift */ = {isa = PBXFileReference; lastKnownFileType = sourcecode.swift; path = AccountSheduleCollectionViewCell.swift; sourceTree = "<group>"; };
		2DFC57A82B8DEBEB000AEE8D /* User.swift */ = {isa = PBXFileReference; lastKnownFileType = sourcecode.swift; path = User.swift; sourceTree = "<group>"; };
		2DFC57AA2B8DEC8B000AEE8D /* City.swift */ = {isa = PBXFileReference; lastKnownFileType = sourcecode.swift; path = City.swift; sourceTree = "<group>"; };
		2DFC57AC2B8DEC98000AEE8D /* Office.swift */ = {isa = PBXFileReference; lastKnownFileType = sourcecode.swift; path = Office.swift; sourceTree = "<group>"; };
		2DFC57B12B8DF9DE000AEE8D /* APIManager.swift */ = {isa = PBXFileReference; lastKnownFileType = sourcecode.swift; path = APIManager.swift; sourceTree = "<group>"; };
		2DFC57B32B8E04D9000AEE8D /* MainViewModel.swift */ = {isa = PBXFileReference; lastKnownFileType = sourcecode.swift; path = MainViewModel.swift; sourceTree = "<group>"; };
		2DFC57B92B8E0619000AEE8D /* TabBarController.swift */ = {isa = PBXFileReference; lastKnownFileType = sourcecode.swift; path = TabBarController.swift; sourceTree = "<group>"; };
		2DFC57BB2B8E065A000AEE8D /* AccountViewController.swift */ = {isa = PBXFileReference; lastKnownFileType = sourcecode.swift; path = AccountViewController.swift; sourceTree = "<group>"; };
		2DFC57BD2B8E0681000AEE8D /* ScheduleViewController.swift */ = {isa = PBXFileReference; lastKnownFileType = sourcecode.swift; path = ScheduleViewController.swift; sourceTree = "<group>"; };
		2DFC57BF2B8E0694000AEE8D /* NotificationsViewController.swift */ = {isa = PBXFileReference; lastKnownFileType = sourcecode.swift; path = NotificationsViewController.swift; sourceTree = "<group>"; };
		2DFC57C12B8E4F8E000AEE8D /* SF-Pro.ttf */ = {isa = PBXFileReference; lastKnownFileType = file; path = "SF-Pro.ttf"; sourceTree = "<group>"; };
		2DFC57C62B8E71E4000AEE8D /* AccountEditingViewController.swift */ = {isa = PBXFileReference; lastKnownFileType = sourcecode.swift; path = AccountEditingViewController.swift; sourceTree = "<group>"; };
		2DFC57CB2B8F209D000AEE8D /* MainCollectionViewCell.swift */ = {isa = PBXFileReference; lastKnownFileType = sourcecode.swift; path = MainCollectionViewCell.swift; sourceTree = "<group>"; };
		2DFC57CF2B8F3F99000AEE8D /* Roboto-Italic.ttf */ = {isa = PBXFileReference; lastKnownFileType = file; path = "Roboto-Italic.ttf"; sourceTree = "<group>"; };
		2DFC57D02B8F3FAD000AEE8D /* Roboto-Medium.ttf */ = {isa = PBXFileReference; lastKnownFileType = file; path = "Roboto-Medium.ttf"; sourceTree = "<group>"; };
		2DFC57D12B8F3FBA000AEE8D /* Roboto-Regular.ttf */ = {isa = PBXFileReference; lastKnownFileType = file; path = "Roboto-Regular.ttf"; sourceTree = "<group>"; };
		3E2A5948068B4AA73A055C01 /* Pods_lunchmate_ios.framework */ = {isa = PBXFileReference; explicitFileType = wrapper.framework; includeInIndex = 0; path = Pods_lunchmate_ios.framework; sourceTree = BUILT_PRODUCTS_DIR; };
		6C6A6641ABE2444C15FFA420 /* Pods_lunchmate_ios_lunchmate_iosUITests.framework */ = {isa = PBXFileReference; explicitFileType = wrapper.framework; includeInIndex = 0; path = Pods_lunchmate_ios_lunchmate_iosUITests.framework; sourceTree = BUILT_PRODUCTS_DIR; };
		855080B62BCD389800CE8746 /* Pods-lunchmate-ios-lunchmate-iosUITests.debug.xcconfig */ = {isa = PBXFileReference; includeInIndex = 1; lastKnownFileType = text.xcconfig; name = "Pods-lunchmate-ios-lunchmate-iosUITests.debug.xcconfig"; path = "Target Support Files/Pods-lunchmate-ios-lunchmate-iosUITests/Pods-lunchmate-ios-lunchmate-iosUITests.debug.xcconfig"; sourceTree = "<group>"; };
		9AE0CBFC250C095B4B9B8A04 /* Pods-lunchmate-ios.release.xcconfig */ = {isa = PBXFileReference; includeInIndex = 1; lastKnownFileType = text.xcconfig; name = "Pods-lunchmate-ios.release.xcconfig"; path = "Target Support Files/Pods-lunchmate-ios/Pods-lunchmate-ios.release.xcconfig"; sourceTree = "<group>"; };
		A68C1316B61646D8DE810008 /* Pods_lunchmate_iosTests.framework */ = {isa = PBXFileReference; explicitFileType = wrapper.framework; includeInIndex = 0; path = Pods_lunchmate_iosTests.framework; sourceTree = BUILT_PRODUCTS_DIR; };
		E94D166225897D3A9946FBEB /* Pods-lunchmate-iosTests.debug.xcconfig */ = {isa = PBXFileReference; includeInIndex = 1; lastKnownFileType = text.xcconfig; name = "Pods-lunchmate-iosTests.debug.xcconfig"; path = "Target Support Files/Pods-lunchmate-iosTests/Pods-lunchmate-iosTests.debug.xcconfig"; sourceTree = "<group>"; };
		F9B1F2B52E0DA2B7604EE98E /* Pods-lunchmate-iosTests.release.xcconfig */ = {isa = PBXFileReference; includeInIndex = 1; lastKnownFileType = text.xcconfig; name = "Pods-lunchmate-iosTests.release.xcconfig"; path = "Target Support Files/Pods-lunchmate-iosTests/Pods-lunchmate-iosTests.release.xcconfig"; sourceTree = "<group>"; };
/* End PBXFileReference section */

/* Begin PBXFrameworksBuildPhase section */
		2D8BC1022B73B0AB00CA1D07 /* Frameworks */ = {
			isa = PBXFrameworksBuildPhase;
			buildActionMask = 2147483647;
			files = (
				0ECAD61027363EF0515B97B2 /* Pods_lunchmate_ios.framework in Frameworks */,
			);
			runOnlyForDeploymentPostprocessing = 0;
		};
		2D8BC1182B73B0AD00CA1D07 /* Frameworks */ = {
			isa = PBXFrameworksBuildPhase;
			buildActionMask = 2147483647;
			files = (
				A6486A3573579FD6753AA8F0 /* Pods_lunchmate_iosTests.framework in Frameworks */,
			);
			runOnlyForDeploymentPostprocessing = 0;
		};
		2D8BC1222B73B0AD00CA1D07 /* Frameworks */ = {
			isa = PBXFrameworksBuildPhase;
			buildActionMask = 2147483647;
			files = (
				9C2442D4462D4AEE513F6890 /* Pods_lunchmate_ios_lunchmate_iosUITests.framework in Frameworks */,
			);
			runOnlyForDeploymentPostprocessing = 0;
		};
/* End PBXFrameworksBuildPhase section */

/* Begin PBXGroup section */
		2D23B4E52BA0E56A00D59418 /* Account */ = {
			isa = PBXGroup;
			children = (
				2D23B4E02BA0D19000D59418 /* AccountCollectionViewCell.swift */,
				2D23B4E32BA0E09400D59418 /* AccountHeaderCollectionView.swift */,
				2DF7B1222C00AA9C00BC9190 /* CollegueSheduleCollectionViewCell.swift */,
				2DF7B1242C00ABBA00BC9190 /* CollegueSheduleHeaderCollectionView.swift */,
				2DF7B1282C00DF3C00BC9190 /* AccountSheduleCollectionViewCell.swift */,
			);
			path = Account;
			sourceTree = "<group>";
		};
		2D23B4E62BA0E5A000D59418 /* Main */ = {
			isa = PBXGroup;
			children = (
				2DFC57B32B8E04D9000AEE8D /* MainViewModel.swift */,
				2D7C23772B987EC20095B94D /* MainCellViewModel.swift */,
			);
			path = Main;
			sourceTree = "<group>";
		};
		2D23B4E72BA0E5B100D59418 /* Account */ = {
			isa = PBXGroup;
			children = (
				2DF7B1262C00D19200BC9190 /* AccountScheduleCellViewModel.swift */,
				2D7C237C2B988B3E0095B94D /* AccountViewModel.swift */,
			);
			path = Account;
			sourceTree = "<group>";
		};
		2D484DB72BBABE6D00C291AB /* AccountEditing */ = {
			isa = PBXGroup;
			children = (
				2D484DB82BBABEA600C291AB /* AccountEditionHeaderCollectionView.swift */,
				2D484DBA2BBAC5D300C291AB /* AccountEditionCollectionViewCell.swift */,
			);
			path = AccountEditing;
			sourceTree = "<group>";
		};
		2D484DC02BBD5FC100C291AB /* AccountEditing */ = {
			isa = PBXGroup;
			children = (
				2D484DB52BB982D800C291AB /* AccountEditingViewModel.swift */,
				2D484DC22BBD7F4600C291AB /* AccountEditingCollectionViewCellViewModel.swift */,
			);
			path = AccountEditing;
			sourceTree = "<group>";
		};
		2D484DC12BBD5FE800C291AB /* CustomTextField */ = {
			isa = PBXGroup;
			children = (
				2D484DBE2BBC0B7D00C291AB /* CustomTextField.swift */,
			);
			path = CustomTextField;
			sourceTree = "<group>";
		};
		2D570D7C2BF3C7A900E50A03 /* SlotAddition */ = {
			isa = PBXGroup;
			children = (
				2D1E236F2BEA8FFF00C94D8B /* SlotAdditionViewModel.swift */,
			);
			path = SlotAddition;
			sourceTree = "<group>";
		};
		2D570D812BF4EA9900E50A03 /* Networking */ = {
			isa = PBXGroup;
			children = (
				2D570D7D2BF3E1FD00E50A03 /* NetworkUsers.swift */,
				2D570D7F2BF4D14800E50A03 /* NetworkTimeslot.swift */,
				2DCDCD122C01072700C78AB4 /* NetworkLunch.swift */,
			);
			path = Networking;
			sourceTree = "<group>";
		};
		2D570D882BF769F900E50A03 /* Notifications */ = {
			isa = PBXGroup;
			children = (
				2D570D842BF54B5F00E50A03 /* NotificationsViewModel.swift */,
				2DCDCD142C01EEFB00C78AB4 /* NotificationsCollectionViewCellViewModel.swift */,
			);
			path = Notifications;
			sourceTree = "<group>";
		};
		2D570D892BF76A1500E50A03 /* Notifications */ = {
			isa = PBXGroup;
			children = (
				2D570D862BF54F0000E50A03 /* NotificationsCollectionViewCell.swift */,
			);
			path = Notifications;
			sourceTree = "<group>";
		};
		2D7C236E2B9863630095B94D /* Storyboards */ = {
			isa = PBXGroup;
			children = (
				2D8BC1132B73B0AD00CA1D07 /* LaunchScreen.storyboard */,
			);
			path = Storyboards;
			sourceTree = "<group>";
		};
		2D7C236F2B9863860095B94D /* Account */ = {
			isa = PBXGroup;
			children = (
				2DFC57BB2B8E065A000AEE8D /* AccountViewController.swift */,
			);
			path = Account;
			sourceTree = "<group>";
		};
		2D7C23702B98639A0095B94D /* Schedule */ = {
			isa = PBXGroup;
			children = (
				2DFC57BD2B8E0681000AEE8D /* ScheduleViewController.swift */,
			);
			path = Schedule;
			sourceTree = "<group>";
		};
		2D7C23712B9863A70095B94D /* Notifications */ = {
			isa = PBXGroup;
			children = (
				2DFC57BF2B8E0694000AEE8D /* NotificationsViewController.swift */,
			);
			path = Notifications;
			sourceTree = "<group>";
		};
		2D7C23722B9863C20095B94D /* AccountEditing */ = {
			isa = PBXGroup;
			children = (
				2DFC57C62B8E71E4000AEE8D /* AccountEditingViewController.swift */,
			);
			path = AccountEditing;
			sourceTree = "<group>";
		};
		2D7C23732B9864720095B94D /* Bindings */ = {
			isa = PBXGroup;
			children = (
				2D7C23742B9864CB0095B94D /* Dynamic.swift */,
			);
			path = Bindings;
			sourceTree = "<group>";
		};
		2D7C23762B9864F90095B94D /* TabBar */ = {
			isa = PBXGroup;
			children = (
				2DFC57B92B8E0619000AEE8D /* TabBarController.swift */,
			);
			path = TabBar;
			sourceTree = "<group>";
		};
		2D7C237A2B988A160095B94D /* Controllers */ = {
			isa = PBXGroup;
			children = (
				2DFC57CA2B8F2068000AEE8D /* Main */,
				2D7C23832B989F700095B94D /* Filter */,
				2D7C237E2B989D760095B94D /* SlotAddition */,
				2D7C23762B9864F90095B94D /* TabBar */,
				2D7C23722B9863C20095B94D /* AccountEditing */,
				2D7C23712B9863A70095B94D /* Notifications */,
				2D7C23702B98639A0095B94D /* Schedule */,
				2D7C236F2B9863860095B94D /* Account */,
			);
			path = Controllers;
			sourceTree = "<group>";
		};
		2D7C237B2B988A5E0095B94D /* Main */ = {
			isa = PBXGroup;
			children = (
				2DFC57CB2B8F209D000AEE8D /* MainCollectionViewCell.swift */,
			);
			path = Main;
			sourceTree = "<group>";
		};
		2D7C237E2B989D760095B94D /* SlotAddition */ = {
			isa = PBXGroup;
			children = (
				2D7C237F2B989DAC0095B94D /* SlotAdditionPresentationController.swift */,
				2D1E236D2BEA8EE100C94D8B /* SlotAdditionOverlayViewController.swift */,
			);
			path = SlotAddition;
			sourceTree = "<group>";
		};
		2D7C23832B989F700095B94D /* Filter */ = {
			isa = PBXGroup;
			children = (
				2D7C23812B989F5C0095B94D /* FilterViewController.swift */,
			);
			path = Filter;
			sourceTree = "<group>";
		};
		2D7C23872B98B83E0095B94D /* Extensions */ = {
			isa = PBXGroup;
			children = (
				2D7C23882B98B8620095B94D /* UISearchBarExtencion.swift */,
				2D1E236B2BEA8DA200C94D8B /* UIViewExtencion.swift */,
			);
			path = Extensions;
			sourceTree = "<group>";
		};
		2D7E9C752BE7D95600B324EB /* CustomMessageView */ = {
			isa = PBXGroup;
			children = (
				2D7E9C732BE7D92B00B324EB /* CustomMessageView.swift */,
			);
			path = CustomMessageView;
			sourceTree = "<group>";
		};
		2D8BC0FC2B73B0AB00CA1D07 = {
			isa = PBXGroup;
			children = (
				2D8BC1072B73B0AB00CA1D07 /* lunchmate-ios */,
				2D8BC11E2B73B0AD00CA1D07 /* lunchmate-iosTests */,
				2D8BC1282B73B0AD00CA1D07 /* lunchmate-iosUITests */,
				2D8BC1062B73B0AB00CA1D07 /* Products */,
				37EB2AFEDAE643158FBB17D8 /* Pods */,
				2DF0F94E3AA02BC14C1E11D9 /* Frameworks */,
			);
			sourceTree = "<group>";
		};
		2D8BC1062B73B0AB00CA1D07 /* Products */ = {
			isa = PBXGroup;
			children = (
				2D8BC1052B73B0AB00CA1D07 /* lunchmate-ios.app */,
				2D8BC11B2B73B0AD00CA1D07 /* lunchmate-iosTests.xctest */,
				2D8BC1252B73B0AD00CA1D07 /* lunchmate-iosUITests.xctest */,
			);
			name = Products;
			sourceTree = "<group>";
		};
		2D8BC1072B73B0AB00CA1D07 /* lunchmate-ios */ = {
			isa = PBXGroup;
			children = (
				2D7C23872B98B83E0095B94D /* Extensions */,
				2DFC57B82B8E05BA000AEE8D /* App */,
				2DFC57B72B8E057F000AEE8D /* APIManager */,
				2DFC57B62B8E0551000AEE8D /* ViewModels */,
				2D7C237A2B988A160095B94D /* Controllers */,
				2DFC57B52B8E0516000AEE8D /* Views */,
				2DFC57AE2B8DEDAE000AEE8D /* Models */,
				2DFC57C52B8E5043000AEE8D /* Fonts */,
				2D8BC1112B73B0AD00CA1D07 /* Assets.xcassets */,
				2D1E23712BEF895400C94D8B /* GoogleService-Info.plist */,
				2D8BC1162B73B0AD00CA1D07 /* Info.plist */,
			);
			path = "lunchmate-ios";
			sourceTree = "<group>";
		};
		2D8BC11E2B73B0AD00CA1D07 /* lunchmate-iosTests */ = {
			isa = PBXGroup;
			children = (
				2D8BC11F2B73B0AD00CA1D07 /* lunchmate_iosTests.swift */,
			);
			path = "lunchmate-iosTests";
			sourceTree = "<group>";
		};
		2D8BC1282B73B0AD00CA1D07 /* lunchmate-iosUITests */ = {
			isa = PBXGroup;
			children = (
				2D8BC1292B73B0AD00CA1D07 /* lunchmate_iosUITests.swift */,
				2D8BC12B2B73B0AD00CA1D07 /* lunchmate_iosUITestsLaunchTests.swift */,
			);
			path = "lunchmate-iosUITests";
			sourceTree = "<group>";
		};
		2DE3A1492BCD5C04008D79EE /* Schedule */ = {
			isa = PBXGroup;
			children = (
				2DE3A14A2BCD5C2A008D79EE /* DataPickerHeaderCollectionView.swift */,
				2DE3A14C2BCD7D57008D79EE /* ScheduleCollectionViewCell.swift */,
				2D76BECC2BCEA77300BF6EEA /* SlotsCollectionViewCell.swift */,
			);
			path = Schedule;
			sourceTree = "<group>";
		};
		2DE3A1502BCDC63B008D79EE /* Schedule */ = {
			isa = PBXGroup;
			children = (
				2DE3A14E2BCDB7C6008D79EE /* ScheduleViewModel.swift */,
			);
			path = Schedule;
			sourceTree = "<group>";
		};
		2DF0F94E3AA02BC14C1E11D9 /* Frameworks */ = {
			isa = PBXGroup;
			children = (
				3E2A5948068B4AA73A055C01 /* Pods_lunchmate_ios.framework */,
				6C6A6641ABE2444C15FFA420 /* Pods_lunchmate_ios_lunchmate_iosUITests.framework */,
				A68C1316B61646D8DE810008 /* Pods_lunchmate_iosTests.framework */,
			);
			name = Frameworks;
			sourceTree = "<group>";
		};
		2DFC57AE2B8DEDAE000AEE8D /* Models */ = {
			isa = PBXGroup;
			children = (
				2D570D812BF4EA9900E50A03 /* Networking */,
				2DFC57A82B8DEBEB000AEE8D /* User.swift */,
				2DFC57AA2B8DEC8B000AEE8D /* City.swift */,
				2DFC57AC2B8DEC98000AEE8D /* Office.swift */,
				2DE3A1472BCD3450008D79EE /* Timeslot.swift */,
				2D570D7A2BF3B40000E50A03 /* Lunch.swift */,
			);
			path = Models;
			sourceTree = "<group>";
		};
		2DFC57B52B8E0516000AEE8D /* Views */ = {
			isa = PBXGroup;
			children = (
				2D570D892BF76A1500E50A03 /* Notifications */,
				2D7E9C752BE7D95600B324EB /* CustomMessageView */,
				2DE3A1492BCD5C04008D79EE /* Schedule */,
				2D484DC12BBD5FE800C291AB /* CustomTextField */,
				2D484DB72BBABE6D00C291AB /* AccountEditing */,
				2D23B4E52BA0E56A00D59418 /* Account */,
				2D7C237B2B988A5E0095B94D /* Main */,
				2D7C236E2B9863630095B94D /* Storyboards */,
			);
			path = Views;
			sourceTree = "<group>";
		};
		2DFC57B62B8E0551000AEE8D /* ViewModels */ = {
			isa = PBXGroup;
			children = (
				2D570D882BF769F900E50A03 /* Notifications */,
				2D570D7C2BF3C7A900E50A03 /* SlotAddition */,
				2DE3A1502BCDC63B008D79EE /* Schedule */,
				2D484DC02BBD5FC100C291AB /* AccountEditing */,
				2D23B4E72BA0E5B100D59418 /* Account */,
				2D23B4E62BA0E5A000D59418 /* Main */,
				2D7C23732B9864720095B94D /* Bindings */,
			);
			path = ViewModels;
			sourceTree = "<group>";
		};
		2DFC57B72B8E057F000AEE8D /* APIManager */ = {
			isa = PBXGroup;
			children = (
				2DFC57B12B8DF9DE000AEE8D /* APIManager.swift */,
			);
			path = APIManager;
			sourceTree = "<group>";
		};
		2DFC57B82B8E05BA000AEE8D /* App */ = {
			isa = PBXGroup;
			children = (
				2D8BC10A2B73B0AB00CA1D07 /* SceneDelegate.swift */,
				2D8BC1082B73B0AB00CA1D07 /* AppDelegate.swift */,
			);
			path = App;
			sourceTree = "<group>";
		};
		2DFC57C52B8E5043000AEE8D /* Fonts */ = {
			isa = PBXGroup;
			children = (
				2DFC57D12B8F3FBA000AEE8D /* Roboto-Regular.ttf */,
				2DFC57CF2B8F3F99000AEE8D /* Roboto-Italic.ttf */,
				2DFC57D02B8F3FAD000AEE8D /* Roboto-Medium.ttf */,
				2DFC57C12B8E4F8E000AEE8D /* SF-Pro.ttf */,
			);
			path = Fonts;
			sourceTree = "<group>";
		};
		2DFC57CA2B8F2068000AEE8D /* Main */ = {
			isa = PBXGroup;
			children = (
				2D8BC10C2B73B0AB00CA1D07 /* MainViewController.swift */,
			);
			path = Main;
			sourceTree = "<group>";
		};
		37EB2AFEDAE643158FBB17D8 /* Pods */ = {
			isa = PBXGroup;
			children = (
				24723832350E1C9FCBE78C3F /* Pods-lunchmate-ios.debug.xcconfig */,
				9AE0CBFC250C095B4B9B8A04 /* Pods-lunchmate-ios.release.xcconfig */,
				855080B62BCD389800CE8746 /* Pods-lunchmate-ios-lunchmate-iosUITests.debug.xcconfig */,
				023EBB108182700843D5734F /* Pods-lunchmate-ios-lunchmate-iosUITests.release.xcconfig */,
				E94D166225897D3A9946FBEB /* Pods-lunchmate-iosTests.debug.xcconfig */,
				F9B1F2B52E0DA2B7604EE98E /* Pods-lunchmate-iosTests.release.xcconfig */,
			);
			path = Pods;
			sourceTree = "<group>";
		};
/* End PBXGroup section */

/* Begin PBXNativeTarget section */
		2D8BC1042B73B0AB00CA1D07 /* lunchmate-ios */ = {
			isa = PBXNativeTarget;
			buildConfigurationList = 2D8BC12F2B73B0AD00CA1D07 /* Build configuration list for PBXNativeTarget "lunchmate-ios" */;
			buildPhases = (
				3A614E2F59774387935346ED /* [CP] Check Pods Manifest.lock */,
				2D8BC1012B73B0AB00CA1D07 /* Sources */,
				2D8BC1022B73B0AB00CA1D07 /* Frameworks */,
				2D8BC1032B73B0AB00CA1D07 /* Resources */,
				4FFC2864554D08DBB0AA327D /* [CP] Embed Pods Frameworks */,
			);
			buildRules = (
			);
			dependencies = (
			);
			name = "lunchmate-ios";
			productName = "lunchmate-ios";
			productReference = 2D8BC1052B73B0AB00CA1D07 /* lunchmate-ios.app */;
			productType = "com.apple.product-type.application";
		};
		2D8BC11A2B73B0AD00CA1D07 /* lunchmate-iosTests */ = {
			isa = PBXNativeTarget;
			buildConfigurationList = 2D8BC1322B73B0AD00CA1D07 /* Build configuration list for PBXNativeTarget "lunchmate-iosTests" */;
			buildPhases = (
				6393D99D7436C19D7B4316FC /* [CP] Check Pods Manifest.lock */,
				2D8BC1172B73B0AD00CA1D07 /* Sources */,
				2D8BC1182B73B0AD00CA1D07 /* Frameworks */,
				2D8BC1192B73B0AD00CA1D07 /* Resources */,
			);
			buildRules = (
			);
			dependencies = (
				2D8BC11D2B73B0AD00CA1D07 /* PBXTargetDependency */,
			);
			name = "lunchmate-iosTests";
			productName = "lunchmate-iosTests";
			productReference = 2D8BC11B2B73B0AD00CA1D07 /* lunchmate-iosTests.xctest */;
			productType = "com.apple.product-type.bundle.unit-test";
		};
		2D8BC1242B73B0AD00CA1D07 /* lunchmate-iosUITests */ = {
			isa = PBXNativeTarget;
			buildConfigurationList = 2D8BC1352B73B0AD00CA1D07 /* Build configuration list for PBXNativeTarget "lunchmate-iosUITests" */;
			buildPhases = (
				F7DD12110AE941C711560376 /* [CP] Check Pods Manifest.lock */,
				2D8BC1212B73B0AD00CA1D07 /* Sources */,
				2D8BC1222B73B0AD00CA1D07 /* Frameworks */,
				2D8BC1232B73B0AD00CA1D07 /* Resources */,
				92E74F43EDCB649C0240C6AD /* [CP] Embed Pods Frameworks */,
			);
			buildRules = (
			);
			dependencies = (
				2D8BC1272B73B0AD00CA1D07 /* PBXTargetDependency */,
			);
			name = "lunchmate-iosUITests";
			productName = "lunchmate-iosUITests";
			productReference = 2D8BC1252B73B0AD00CA1D07 /* lunchmate-iosUITests.xctest */;
			productType = "com.apple.product-type.bundle.ui-testing";
		};
/* End PBXNativeTarget section */

/* Begin PBXProject section */
		2D8BC0FD2B73B0AB00CA1D07 /* Project object */ = {
			isa = PBXProject;
			attributes = {
				BuildIndependentTargetsInParallel = 1;
				LastSwiftUpdateCheck = 1430;
				LastUpgradeCheck = 1430;
				TargetAttributes = {
					2D8BC1042B73B0AB00CA1D07 = {
						CreatedOnToolsVersion = 14.3.1;
					};
					2D8BC11A2B73B0AD00CA1D07 = {
						CreatedOnToolsVersion = 14.3.1;
						TestTargetID = 2D8BC1042B73B0AB00CA1D07;
					};
					2D8BC1242B73B0AD00CA1D07 = {
						CreatedOnToolsVersion = 14.3.1;
						TestTargetID = 2D8BC1042B73B0AB00CA1D07;
					};
				};
			};
			buildConfigurationList = 2D8BC1002B73B0AB00CA1D07 /* Build configuration list for PBXProject "lunchmate-ios" */;
			compatibilityVersion = "Xcode 14.0";
			developmentRegion = en;
			hasScannedForEncodings = 0;
			knownRegions = (
				en,
				Base,
			);
			mainGroup = 2D8BC0FC2B73B0AB00CA1D07;
			productRefGroup = 2D8BC1062B73B0AB00CA1D07 /* Products */;
			projectDirPath = "";
			projectRoot = "";
			targets = (
				2D8BC1042B73B0AB00CA1D07 /* lunchmate-ios */,
				2D8BC11A2B73B0AD00CA1D07 /* lunchmate-iosTests */,
				2D8BC1242B73B0AD00CA1D07 /* lunchmate-iosUITests */,
			);
		};
/* End PBXProject section */

/* Begin PBXResourcesBuildPhase section */
		2D8BC1032B73B0AB00CA1D07 /* Resources */ = {
			isa = PBXResourcesBuildPhase;
			buildActionMask = 2147483647;
			files = (
				2D8BC1152B73B0AD00CA1D07 /* LaunchScreen.storyboard in Resources */,
				2DFC57C22B8E4F8E000AEE8D /* SF-Pro.ttf in Resources */,
				2DFC57D82B8F3FC3000AEE8D /* Roboto-Medium.ttf in Resources */,
				2DFC57D52B8F3FC0000AEE8D /* Roboto-Italic.ttf in Resources */,
				2DFC57D22B8F3FBA000AEE8D /* Roboto-Regular.ttf in Resources */,
				2D8BC1122B73B0AD00CA1D07 /* Assets.xcassets in Resources */,
				2D1E23722BEF895400C94D8B /* GoogleService-Info.plist in Resources */,
			);
			runOnlyForDeploymentPostprocessing = 0;
		};
		2D8BC1192B73B0AD00CA1D07 /* Resources */ = {
			isa = PBXResourcesBuildPhase;
			buildActionMask = 2147483647;
			files = (
				2DFC57D92B8F3FC4000AEE8D /* Roboto-Medium.ttf in Resources */,
				2DFC57D32B8F3FBA000AEE8D /* Roboto-Regular.ttf in Resources */,
				2DFC57D62B8F3FC0000AEE8D /* Roboto-Italic.ttf in Resources */,
				2DFC57C32B8E4F8E000AEE8D /* SF-Pro.ttf in Resources */,
			);
			runOnlyForDeploymentPostprocessing = 0;
		};
		2D8BC1232B73B0AD00CA1D07 /* Resources */ = {
			isa = PBXResourcesBuildPhase;
			buildActionMask = 2147483647;
			files = (
				2DFC57DA2B8F3FC4000AEE8D /* Roboto-Medium.ttf in Resources */,
				2DFC57D42B8F3FBA000AEE8D /* Roboto-Regular.ttf in Resources */,
				2DFC57D72B8F3FC1000AEE8D /* Roboto-Italic.ttf in Resources */,
				2DFC57C42B8E4F8E000AEE8D /* SF-Pro.ttf in Resources */,
			);
			runOnlyForDeploymentPostprocessing = 0;
		};
/* End PBXResourcesBuildPhase section */

/* Begin PBXShellScriptBuildPhase section */
		3A614E2F59774387935346ED /* [CP] Check Pods Manifest.lock */ = {
			isa = PBXShellScriptBuildPhase;
			buildActionMask = 2147483647;
			files = (
			);
			inputFileListPaths = (
			);
			inputPaths = (
				"${PODS_PODFILE_DIR_PATH}/Podfile.lock",
				"${PODS_ROOT}/Manifest.lock",
			);
			name = "[CP] Check Pods Manifest.lock";
			outputFileListPaths = (
			);
			outputPaths = (
				"$(DERIVED_FILE_DIR)/Pods-lunchmate-ios-checkManifestLockResult.txt",
			);
			runOnlyForDeploymentPostprocessing = 0;
			shellPath = /bin/sh;
			shellScript = "diff \"${PODS_PODFILE_DIR_PATH}/Podfile.lock\" \"${PODS_ROOT}/Manifest.lock\" > /dev/null\nif [ $? != 0 ] ; then\n    # print error to STDERR\n    echo \"error: The sandbox is not in sync with the Podfile.lock. Run 'pod install' or update your CocoaPods installation.\" >&2\n    exit 1\nfi\n# This output is used by Xcode 'outputs' to avoid re-running this script phase.\necho \"SUCCESS\" > \"${SCRIPT_OUTPUT_FILE_0}\"\n";
			showEnvVarsInLog = 0;
		};
		4FFC2864554D08DBB0AA327D /* [CP] Embed Pods Frameworks */ = {
			isa = PBXShellScriptBuildPhase;
			buildActionMask = 2147483647;
			files = (
			);
			inputFileListPaths = (
				"${PODS_ROOT}/Target Support Files/Pods-lunchmate-ios/Pods-lunchmate-ios-frameworks-${CONFIGURATION}-input-files.xcfilelist",
			);
			name = "[CP] Embed Pods Frameworks";
			outputFileListPaths = (
				"${PODS_ROOT}/Target Support Files/Pods-lunchmate-ios/Pods-lunchmate-ios-frameworks-${CONFIGURATION}-output-files.xcfilelist",
			);
			runOnlyForDeploymentPostprocessing = 0;
			shellPath = /bin/sh;
			shellScript = "\"${PODS_ROOT}/Target Support Files/Pods-lunchmate-ios/Pods-lunchmate-ios-frameworks.sh\"\n";
			showEnvVarsInLog = 0;
		};
		6393D99D7436C19D7B4316FC /* [CP] Check Pods Manifest.lock */ = {
			isa = PBXShellScriptBuildPhase;
			buildActionMask = 2147483647;
			files = (
			);
			inputFileListPaths = (
			);
			inputPaths = (
				"${PODS_PODFILE_DIR_PATH}/Podfile.lock",
				"${PODS_ROOT}/Manifest.lock",
			);
			name = "[CP] Check Pods Manifest.lock";
			outputFileListPaths = (
			);
			outputPaths = (
				"$(DERIVED_FILE_DIR)/Pods-lunchmate-iosTests-checkManifestLockResult.txt",
			);
			runOnlyForDeploymentPostprocessing = 0;
			shellPath = /bin/sh;
			shellScript = "diff \"${PODS_PODFILE_DIR_PATH}/Podfile.lock\" \"${PODS_ROOT}/Manifest.lock\" > /dev/null\nif [ $? != 0 ] ; then\n    # print error to STDERR\n    echo \"error: The sandbox is not in sync with the Podfile.lock. Run 'pod install' or update your CocoaPods installation.\" >&2\n    exit 1\nfi\n# This output is used by Xcode 'outputs' to avoid re-running this script phase.\necho \"SUCCESS\" > \"${SCRIPT_OUTPUT_FILE_0}\"\n";
			showEnvVarsInLog = 0;
		};
		92E74F43EDCB649C0240C6AD /* [CP] Embed Pods Frameworks */ = {
			isa = PBXShellScriptBuildPhase;
			buildActionMask = 2147483647;
			files = (
			);
			inputFileListPaths = (
				"${PODS_ROOT}/Target Support Files/Pods-lunchmate-ios-lunchmate-iosUITests/Pods-lunchmate-ios-lunchmate-iosUITests-frameworks-${CONFIGURATION}-input-files.xcfilelist",
			);
			name = "[CP] Embed Pods Frameworks";
			outputFileListPaths = (
				"${PODS_ROOT}/Target Support Files/Pods-lunchmate-ios-lunchmate-iosUITests/Pods-lunchmate-ios-lunchmate-iosUITests-frameworks-${CONFIGURATION}-output-files.xcfilelist",
			);
			runOnlyForDeploymentPostprocessing = 0;
			shellPath = /bin/sh;
			shellScript = "\"${PODS_ROOT}/Target Support Files/Pods-lunchmate-ios-lunchmate-iosUITests/Pods-lunchmate-ios-lunchmate-iosUITests-frameworks.sh\"\n";
			showEnvVarsInLog = 0;
		};
		F7DD12110AE941C711560376 /* [CP] Check Pods Manifest.lock */ = {
			isa = PBXShellScriptBuildPhase;
			buildActionMask = 2147483647;
			files = (
			);
			inputFileListPaths = (
			);
			inputPaths = (
				"${PODS_PODFILE_DIR_PATH}/Podfile.lock",
				"${PODS_ROOT}/Manifest.lock",
			);
			name = "[CP] Check Pods Manifest.lock";
			outputFileListPaths = (
			);
			outputPaths = (
				"$(DERIVED_FILE_DIR)/Pods-lunchmate-ios-lunchmate-iosUITests-checkManifestLockResult.txt",
			);
			runOnlyForDeploymentPostprocessing = 0;
			shellPath = /bin/sh;
			shellScript = "diff \"${PODS_PODFILE_DIR_PATH}/Podfile.lock\" \"${PODS_ROOT}/Manifest.lock\" > /dev/null\nif [ $? != 0 ] ; then\n    # print error to STDERR\n    echo \"error: The sandbox is not in sync with the Podfile.lock. Run 'pod install' or update your CocoaPods installation.\" >&2\n    exit 1\nfi\n# This output is used by Xcode 'outputs' to avoid re-running this script phase.\necho \"SUCCESS\" > \"${SCRIPT_OUTPUT_FILE_0}\"\n";
			showEnvVarsInLog = 0;
		};
/* End PBXShellScriptBuildPhase section */

/* Begin PBXSourcesBuildPhase section */
		2D8BC1012B73B0AB00CA1D07 /* Sources */ = {
			isa = PBXSourcesBuildPhase;
			buildActionMask = 2147483647;
			files = (
				2D484DBF2BBC0B7D00C291AB /* CustomTextField.swift in Sources */,
				2DFC57BA2B8E0619000AEE8D /* TabBarController.swift in Sources */,
				2DE3A1482BCD3450008D79EE /* Timeslot.swift in Sources */,
				2DE3A14B2BCD5C2A008D79EE /* DataPickerHeaderCollectionView.swift in Sources */,
				2D1E23702BEA8FFF00C94D8B /* SlotAdditionViewModel.swift in Sources */,
				2D570D872BF54F0000E50A03 /* NotificationsCollectionViewCell.swift in Sources */,
				2D570D7B2BF3B40000E50A03 /* Lunch.swift in Sources */,
				2DFC57A92B8DEBEB000AEE8D /* User.swift in Sources */,
				2D1E236E2BEA8EE100C94D8B /* SlotAdditionOverlayViewController.swift in Sources */,
				2DFC57AB2B8DEC8B000AEE8D /* City.swift in Sources */,
				2D484DB62BB982D800C291AB /* AccountEditingViewModel.swift in Sources */,
				2D570D802BF4D14800E50A03 /* NetworkTimeslot.swift in Sources */,
				2D484DB92BBABEA600C291AB /* AccountEditionHeaderCollectionView.swift in Sources */,
				2D7C23782B987EC20095B94D /* MainCellViewModel.swift in Sources */,
				2D7C23802B989DAC0095B94D /* SlotAdditionPresentationController.swift in Sources */,
				2D23B4E12BA0D19000D59418 /* AccountCollectionViewCell.swift in Sources */,
				2DFC57C02B8E0694000AEE8D /* NotificationsViewController.swift in Sources */,
				2D8BC10D2B73B0AB00CA1D07 /* MainViewController.swift in Sources */,
				2DF7B1272C00D19200BC9190 /* AccountScheduleCellViewModel.swift in Sources */,
				2D7C23892B98B8620095B94D /* UISearchBarExtencion.swift in Sources */,
				2D570D7E2BF3E1FD00E50A03 /* NetworkUsers.swift in Sources */,
				2DFC57AD2B8DEC98000AEE8D /* Office.swift in Sources */,
				2D7C23752B9864CB0095B94D /* Dynamic.swift in Sources */,
				2DE3A14D2BCD7D57008D79EE /* ScheduleCollectionViewCell.swift in Sources */,
				2D484DBB2BBAC5D300C291AB /* AccountEditionCollectionViewCell.swift in Sources */,
				2D8BC1092B73B0AB00CA1D07 /* AppDelegate.swift in Sources */,
				2DFC57CC2B8F209D000AEE8D /* MainCollectionViewCell.swift in Sources */,
				2D1E236C2BEA8DA200C94D8B /* UIViewExtencion.swift in Sources */,
				2D76BECD2BCEA77300BF6EEA /* SlotsCollectionViewCell.swift in Sources */,
				2DF7B1292C00DF3C00BC9190 /* AccountSheduleCollectionViewCell.swift in Sources */,
				2DFC57BC2B8E065A000AEE8D /* AccountViewController.swift in Sources */,
				2D8BC10B2B73B0AB00CA1D07 /* SceneDelegate.swift in Sources */,
				2D7C23822B989F5C0095B94D /* FilterViewController.swift in Sources */,
				2D570D852BF54B5F00E50A03 /* NotificationsViewModel.swift in Sources */,
				2DCDCD152C01EEFB00C78AB4 /* NotificationsCollectionViewCellViewModel.swift in Sources */,
				2DCDCD132C01072700C78AB4 /* NetworkLunch.swift in Sources */,
				2DF7B1232C00AA9C00BC9190 /* CollegueSheduleCollectionViewCell.swift in Sources */,
				2DFC57B42B8E04D9000AEE8D /* MainViewModel.swift in Sources */,
				2DF7B1252C00ABBA00BC9190 /* CollegueSheduleHeaderCollectionView.swift in Sources */,
				2D484DC32BBD7F4600C291AB /* AccountEditingCollectionViewCellViewModel.swift in Sources */,
				2D23B4E42BA0E09400D59418 /* AccountHeaderCollectionView.swift in Sources */,
				2DFC57BE2B8E0681000AEE8D /* ScheduleViewController.swift in Sources */,
				2D7E9C742BE7D92B00B324EB /* CustomMessageView.swift in Sources */,
				2D7C237D2B988B3E0095B94D /* AccountViewModel.swift in Sources */,
				2DFC57B22B8DF9DE000AEE8D /* APIManager.swift in Sources */,
				2DFC57C72B8E71E5000AEE8D /* AccountEditingViewController.swift in Sources */,
				2DE3A14F2BCDB7C6008D79EE /* ScheduleViewModel.swift in Sources */,
			);
			runOnlyForDeploymentPostprocessing = 0;
		};
		2D8BC1172B73B0AD00CA1D07 /* Sources */ = {
			isa = PBXSourcesBuildPhase;
			buildActionMask = 2147483647;
			files = (
				2DFC57C82B8E71E5000AEE8D /* AccountEditingViewController.swift in Sources */,
				2DFC57CD2B8F209D000AEE8D /* MainCollectionViewCell.swift in Sources */,
				2D8BC1202B73B0AD00CA1D07 /* lunchmate_iosTests.swift in Sources */,
			);
			runOnlyForDeploymentPostprocessing = 0;
		};
		2D8BC1212B73B0AD00CA1D07 /* Sources */ = {
			isa = PBXSourcesBuildPhase;
			buildActionMask = 2147483647;
			files = (
				2DFC57C92B8E71E5000AEE8D /* AccountEditingViewController.swift in Sources */,
				2D8BC12C2B73B0AD00CA1D07 /* lunchmate_iosUITestsLaunchTests.swift in Sources */,
				2D8BC12A2B73B0AD00CA1D07 /* lunchmate_iosUITests.swift in Sources */,
				2DFC57CE2B8F209D000AEE8D /* MainCollectionViewCell.swift in Sources */,
			);
			runOnlyForDeploymentPostprocessing = 0;
		};
/* End PBXSourcesBuildPhase section */

/* Begin PBXTargetDependency section */
		2D8BC11D2B73B0AD00CA1D07 /* PBXTargetDependency */ = {
			isa = PBXTargetDependency;
			target = 2D8BC1042B73B0AB00CA1D07 /* lunchmate-ios */;
			targetProxy = 2D8BC11C2B73B0AD00CA1D07 /* PBXContainerItemProxy */;
		};
		2D8BC1272B73B0AD00CA1D07 /* PBXTargetDependency */ = {
			isa = PBXTargetDependency;
			target = 2D8BC1042B73B0AB00CA1D07 /* lunchmate-ios */;
			targetProxy = 2D8BC1262B73B0AD00CA1D07 /* PBXContainerItemProxy */;
		};
/* End PBXTargetDependency section */

/* Begin PBXVariantGroup section */
		2D8BC1132B73B0AD00CA1D07 /* LaunchScreen.storyboard */ = {
			isa = PBXVariantGroup;
			children = (
				2D8BC1142B73B0AD00CA1D07 /* Base */,
			);
			name = LaunchScreen.storyboard;
			sourceTree = "<group>";
		};
/* End PBXVariantGroup section */

/* Begin XCBuildConfiguration section */
		2D8BC12D2B73B0AD00CA1D07 /* Debug */ = {
			isa = XCBuildConfiguration;
			buildSettings = {
				ALWAYS_SEARCH_USER_PATHS = NO;
				CLANG_ANALYZER_NONNULL = YES;
				CLANG_ANALYZER_NUMBER_OBJECT_CONVERSION = YES_AGGRESSIVE;
				CLANG_CXX_LANGUAGE_STANDARD = "gnu++20";
				CLANG_ENABLE_MODULES = YES;
				CLANG_ENABLE_OBJC_ARC = YES;
				CLANG_ENABLE_OBJC_WEAK = YES;
				CLANG_WARN_BLOCK_CAPTURE_AUTORELEASING = YES;
				CLANG_WARN_BOOL_CONVERSION = YES;
				CLANG_WARN_COMMA = YES;
				CLANG_WARN_CONSTANT_CONVERSION = YES;
				CLANG_WARN_DEPRECATED_OBJC_IMPLEMENTATIONS = YES;
				CLANG_WARN_DIRECT_OBJC_ISA_USAGE = YES_ERROR;
				CLANG_WARN_DOCUMENTATION_COMMENTS = YES;
				CLANG_WARN_EMPTY_BODY = YES;
				CLANG_WARN_ENUM_CONVERSION = YES;
				CLANG_WARN_INFINITE_RECURSION = YES;
				CLANG_WARN_INT_CONVERSION = YES;
				CLANG_WARN_NON_LITERAL_NULL_CONVERSION = YES;
				CLANG_WARN_OBJC_IMPLICIT_RETAIN_SELF = YES;
				CLANG_WARN_OBJC_LITERAL_CONVERSION = YES;
				CLANG_WARN_OBJC_ROOT_CLASS = YES_ERROR;
				CLANG_WARN_QUOTED_INCLUDE_IN_FRAMEWORK_HEADER = YES;
				CLANG_WARN_RANGE_LOOP_ANALYSIS = YES;
				CLANG_WARN_STRICT_PROTOTYPES = YES;
				CLANG_WARN_SUSPICIOUS_MOVE = YES;
				CLANG_WARN_UNGUARDED_AVAILABILITY = YES_AGGRESSIVE;
				CLANG_WARN_UNREACHABLE_CODE = YES;
				CLANG_WARN__DUPLICATE_METHOD_MATCH = YES;
				COPY_PHASE_STRIP = NO;
				DEBUG_INFORMATION_FORMAT = dwarf;
				ENABLE_STRICT_OBJC_MSGSEND = YES;
				ENABLE_TESTABILITY = YES;
				GCC_C_LANGUAGE_STANDARD = gnu11;
				GCC_DYNAMIC_NO_PIC = NO;
				GCC_NO_COMMON_BLOCKS = YES;
				GCC_OPTIMIZATION_LEVEL = 0;
				GCC_PREPROCESSOR_DEFINITIONS = (
					"DEBUG=1",
					"$(inherited)",
				);
				GCC_WARN_64_TO_32_BIT_CONVERSION = YES;
				GCC_WARN_ABOUT_RETURN_TYPE = YES_ERROR;
				GCC_WARN_UNDECLARED_SELECTOR = YES;
				GCC_WARN_UNINITIALIZED_AUTOS = YES_AGGRESSIVE;
				GCC_WARN_UNUSED_FUNCTION = YES;
				GCC_WARN_UNUSED_VARIABLE = YES;
				IPHONEOS_DEPLOYMENT_TARGET = 16.4;
				MTL_ENABLE_DEBUG_INFO = INCLUDE_SOURCE;
				MTL_FAST_MATH = YES;
				ONLY_ACTIVE_ARCH = YES;
				SDKROOT = iphoneos;
				SWIFT_ACTIVE_COMPILATION_CONDITIONS = DEBUG;
				SWIFT_OPTIMIZATION_LEVEL = "-Onone";
			};
			name = Debug;
		};
		2D8BC12E2B73B0AD00CA1D07 /* Release */ = {
			isa = XCBuildConfiguration;
			buildSettings = {
				ALWAYS_SEARCH_USER_PATHS = NO;
				CLANG_ANALYZER_NONNULL = YES;
				CLANG_ANALYZER_NUMBER_OBJECT_CONVERSION = YES_AGGRESSIVE;
				CLANG_CXX_LANGUAGE_STANDARD = "gnu++20";
				CLANG_ENABLE_MODULES = YES;
				CLANG_ENABLE_OBJC_ARC = YES;
				CLANG_ENABLE_OBJC_WEAK = YES;
				CLANG_WARN_BLOCK_CAPTURE_AUTORELEASING = YES;
				CLANG_WARN_BOOL_CONVERSION = YES;
				CLANG_WARN_COMMA = YES;
				CLANG_WARN_CONSTANT_CONVERSION = YES;
				CLANG_WARN_DEPRECATED_OBJC_IMPLEMENTATIONS = YES;
				CLANG_WARN_DIRECT_OBJC_ISA_USAGE = YES_ERROR;
				CLANG_WARN_DOCUMENTATION_COMMENTS = YES;
				CLANG_WARN_EMPTY_BODY = YES;
				CLANG_WARN_ENUM_CONVERSION = YES;
				CLANG_WARN_INFINITE_RECURSION = YES;
				CLANG_WARN_INT_CONVERSION = YES;
				CLANG_WARN_NON_LITERAL_NULL_CONVERSION = YES;
				CLANG_WARN_OBJC_IMPLICIT_RETAIN_SELF = YES;
				CLANG_WARN_OBJC_LITERAL_CONVERSION = YES;
				CLANG_WARN_OBJC_ROOT_CLASS = YES_ERROR;
				CLANG_WARN_QUOTED_INCLUDE_IN_FRAMEWORK_HEADER = YES;
				CLANG_WARN_RANGE_LOOP_ANALYSIS = YES;
				CLANG_WARN_STRICT_PROTOTYPES = YES;
				CLANG_WARN_SUSPICIOUS_MOVE = YES;
				CLANG_WARN_UNGUARDED_AVAILABILITY = YES_AGGRESSIVE;
				CLANG_WARN_UNREACHABLE_CODE = YES;
				CLANG_WARN__DUPLICATE_METHOD_MATCH = YES;
				COPY_PHASE_STRIP = NO;
				DEBUG_INFORMATION_FORMAT = "dwarf-with-dsym";
				ENABLE_NS_ASSERTIONS = NO;
				ENABLE_STRICT_OBJC_MSGSEND = YES;
				GCC_C_LANGUAGE_STANDARD = gnu11;
				GCC_NO_COMMON_BLOCKS = YES;
				GCC_WARN_64_TO_32_BIT_CONVERSION = YES;
				GCC_WARN_ABOUT_RETURN_TYPE = YES_ERROR;
				GCC_WARN_UNDECLARED_SELECTOR = YES;
				GCC_WARN_UNINITIALIZED_AUTOS = YES_AGGRESSIVE;
				GCC_WARN_UNUSED_FUNCTION = YES;
				GCC_WARN_UNUSED_VARIABLE = YES;
				IPHONEOS_DEPLOYMENT_TARGET = 16.4;
				MTL_ENABLE_DEBUG_INFO = NO;
				MTL_FAST_MATH = YES;
				SDKROOT = iphoneos;
				SWIFT_COMPILATION_MODE = wholemodule;
				SWIFT_OPTIMIZATION_LEVEL = "-O";
				VALIDATE_PRODUCT = YES;
			};
			name = Release;
		};
		2D8BC1302B73B0AD00CA1D07 /* Debug */ = {
			isa = XCBuildConfiguration;
			baseConfigurationReference = 24723832350E1C9FCBE78C3F /* Pods-lunchmate-ios.debug.xcconfig */;
			buildSettings = {
				ASSETCATALOG_COMPILER_APPICON_NAME = AppIcon;
				ASSETCATALOG_COMPILER_GLOBAL_ACCENT_COLOR_NAME = AccentColor;
				CODE_SIGN_STYLE = Automatic;
				CURRENT_PROJECT_VERSION = 1;
				DEVELOPMENT_TEAM = B95M54369M;
				GENERATE_INFOPLIST_FILE = YES;
				INFOPLIST_FILE = "lunchmate-ios/Info.plist";
				INFOPLIST_KEY_UIApplicationSupportsIndirectInputEvents = YES;
				INFOPLIST_KEY_UILaunchStoryboardName = LaunchScreen;
				INFOPLIST_KEY_UISupportedInterfaceOrientations_iPad = "UIInterfaceOrientationPortrait UIInterfaceOrientationPortraitUpsideDown UIInterfaceOrientationLandscapeLeft UIInterfaceOrientationLandscapeRight";
				INFOPLIST_KEY_UISupportedInterfaceOrientations_iPhone = "UIInterfaceOrientationPortrait UIInterfaceOrientationLandscapeLeft UIInterfaceOrientationLandscapeRight";
				LD_RUNPATH_SEARCH_PATHS = (
					"$(inherited)",
					"@executable_path/Frameworks",
				);
				MARKETING_VERSION = 1.0;
				PRODUCT_BUNDLE_IDENTIFIER = "-.lunchmate-ios";
				PRODUCT_NAME = "$(TARGET_NAME)";
				SWIFT_EMIT_LOC_STRINGS = YES;
				SWIFT_VERSION = 5.0;
				TARGETED_DEVICE_FAMILY = "1,2";
			};
			name = Debug;
		};
		2D8BC1312B73B0AD00CA1D07 /* Release */ = {
			isa = XCBuildConfiguration;
			baseConfigurationReference = 9AE0CBFC250C095B4B9B8A04 /* Pods-lunchmate-ios.release.xcconfig */;
			buildSettings = {
				ASSETCATALOG_COMPILER_APPICON_NAME = AppIcon;
				ASSETCATALOG_COMPILER_GLOBAL_ACCENT_COLOR_NAME = AccentColor;
				CODE_SIGN_STYLE = Automatic;
				CURRENT_PROJECT_VERSION = 1;
				DEVELOPMENT_TEAM = B95M54369M;
				GENERATE_INFOPLIST_FILE = YES;
				INFOPLIST_FILE = "lunchmate-ios/Info.plist";
				INFOPLIST_KEY_UIApplicationSupportsIndirectInputEvents = YES;
				INFOPLIST_KEY_UILaunchStoryboardName = LaunchScreen;
				INFOPLIST_KEY_UISupportedInterfaceOrientations_iPad = "UIInterfaceOrientationPortrait UIInterfaceOrientationPortraitUpsideDown UIInterfaceOrientationLandscapeLeft UIInterfaceOrientationLandscapeRight";
				INFOPLIST_KEY_UISupportedInterfaceOrientations_iPhone = "UIInterfaceOrientationPortrait UIInterfaceOrientationLandscapeLeft UIInterfaceOrientationLandscapeRight";
				LD_RUNPATH_SEARCH_PATHS = (
					"$(inherited)",
					"@executable_path/Frameworks",
				);
				MARKETING_VERSION = 1.0;
				PRODUCT_BUNDLE_IDENTIFIER = "-.lunchmate-ios";
				PRODUCT_NAME = "$(TARGET_NAME)";
				SWIFT_EMIT_LOC_STRINGS = YES;
				SWIFT_VERSION = 5.0;
				TARGETED_DEVICE_FAMILY = "1,2";
			};
			name = Release;
		};
		2D8BC1332B73B0AD00CA1D07 /* Debug */ = {
			isa = XCBuildConfiguration;
			baseConfigurationReference = E94D166225897D3A9946FBEB /* Pods-lunchmate-iosTests.debug.xcconfig */;
			buildSettings = {
				ALWAYS_EMBED_SWIFT_STANDARD_LIBRARIES = YES;
				BUNDLE_LOADER = "$(TEST_HOST)";
				CODE_SIGN_STYLE = Automatic;
				CURRENT_PROJECT_VERSION = 1;
				DEVELOPMENT_TEAM = B95M54369M;
				GENERATE_INFOPLIST_FILE = YES;
				IPHONEOS_DEPLOYMENT_TARGET = 16.4;
				MARKETING_VERSION = 1.0;
				PRODUCT_BUNDLE_IDENTIFIER = "-.lunchmate-iosTests";
				PRODUCT_NAME = "$(TARGET_NAME)";
				SWIFT_EMIT_LOC_STRINGS = NO;
				SWIFT_VERSION = 5.0;
				TARGETED_DEVICE_FAMILY = "1,2";
				TEST_HOST = "$(BUILT_PRODUCTS_DIR)/lunchmate-ios.app/$(BUNDLE_EXECUTABLE_FOLDER_PATH)/lunchmate-ios";
			};
			name = Debug;
		};
		2D8BC1342B73B0AD00CA1D07 /* Release */ = {
			isa = XCBuildConfiguration;
			baseConfigurationReference = F9B1F2B52E0DA2B7604EE98E /* Pods-lunchmate-iosTests.release.xcconfig */;
			buildSettings = {
				ALWAYS_EMBED_SWIFT_STANDARD_LIBRARIES = YES;
				BUNDLE_LOADER = "$(TEST_HOST)";
				CODE_SIGN_STYLE = Automatic;
				CURRENT_PROJECT_VERSION = 1;
				DEVELOPMENT_TEAM = B95M54369M;
				GENERATE_INFOPLIST_FILE = YES;
				IPHONEOS_DEPLOYMENT_TARGET = 16.4;
				MARKETING_VERSION = 1.0;
				PRODUCT_BUNDLE_IDENTIFIER = "-.lunchmate-iosTests";
				PRODUCT_NAME = "$(TARGET_NAME)";
				SWIFT_EMIT_LOC_STRINGS = NO;
				SWIFT_VERSION = 5.0;
				TARGETED_DEVICE_FAMILY = "1,2";
				TEST_HOST = "$(BUILT_PRODUCTS_DIR)/lunchmate-ios.app/$(BUNDLE_EXECUTABLE_FOLDER_PATH)/lunchmate-ios";
			};
			name = Release;
		};
		2D8BC1362B73B0AD00CA1D07 /* Debug */ = {
			isa = XCBuildConfiguration;
			baseConfigurationReference = 855080B62BCD389800CE8746 /* Pods-lunchmate-ios-lunchmate-iosUITests.debug.xcconfig */;
			buildSettings = {
				ALWAYS_EMBED_SWIFT_STANDARD_LIBRARIES = YES;
				CODE_SIGN_STYLE = Automatic;
				CURRENT_PROJECT_VERSION = 1;
				DEVELOPMENT_TEAM = B95M54369M;
				GENERATE_INFOPLIST_FILE = YES;
				MARKETING_VERSION = 1.0;
				PRODUCT_BUNDLE_IDENTIFIER = "-.lunchmate-iosUITests";
				PRODUCT_NAME = "$(TARGET_NAME)";
				SWIFT_EMIT_LOC_STRINGS = NO;
				SWIFT_VERSION = 5.0;
				TARGETED_DEVICE_FAMILY = "1,2";
				TEST_TARGET_NAME = "lunchmate-ios";
			};
			name = Debug;
		};
		2D8BC1372B73B0AD00CA1D07 /* Release */ = {
			isa = XCBuildConfiguration;
			baseConfigurationReference = 023EBB108182700843D5734F /* Pods-lunchmate-ios-lunchmate-iosUITests.release.xcconfig */;
			buildSettings = {
				ALWAYS_EMBED_SWIFT_STANDARD_LIBRARIES = YES;
				CODE_SIGN_STYLE = Automatic;
				CURRENT_PROJECT_VERSION = 1;
				DEVELOPMENT_TEAM = B95M54369M;
				GENERATE_INFOPLIST_FILE = YES;
				MARKETING_VERSION = 1.0;
				PRODUCT_BUNDLE_IDENTIFIER = "-.lunchmate-iosUITests";
				PRODUCT_NAME = "$(TARGET_NAME)";
				SWIFT_EMIT_LOC_STRINGS = NO;
				SWIFT_VERSION = 5.0;
				TARGETED_DEVICE_FAMILY = "1,2";
				TEST_TARGET_NAME = "lunchmate-ios";
			};
			name = Release;
		};
/* End XCBuildConfiguration section */

/* Begin XCConfigurationList section */
		2D8BC1002B73B0AB00CA1D07 /* Build configuration list for PBXProject "lunchmate-ios" */ = {
			isa = XCConfigurationList;
			buildConfigurations = (
				2D8BC12D2B73B0AD00CA1D07 /* Debug */,
				2D8BC12E2B73B0AD00CA1D07 /* Release */,
			);
			defaultConfigurationIsVisible = 0;
			defaultConfigurationName = Release;
		};
		2D8BC12F2B73B0AD00CA1D07 /* Build configuration list for PBXNativeTarget "lunchmate-ios" */ = {
			isa = XCConfigurationList;
			buildConfigurations = (
				2D8BC1302B73B0AD00CA1D07 /* Debug */,
				2D8BC1312B73B0AD00CA1D07 /* Release */,
			);
			defaultConfigurationIsVisible = 0;
			defaultConfigurationName = Release;
		};
		2D8BC1322B73B0AD00CA1D07 /* Build configuration list for PBXNativeTarget "lunchmate-iosTests" */ = {
			isa = XCConfigurationList;
			buildConfigurations = (
				2D8BC1332B73B0AD00CA1D07 /* Debug */,
				2D8BC1342B73B0AD00CA1D07 /* Release */,
			);
			defaultConfigurationIsVisible = 0;
			defaultConfigurationName = Release;
		};
		2D8BC1352B73B0AD00CA1D07 /* Build configuration list for PBXNativeTarget "lunchmate-iosUITests" */ = {
			isa = XCConfigurationList;
			buildConfigurations = (
				2D8BC1362B73B0AD00CA1D07 /* Debug */,
				2D8BC1372B73B0AD00CA1D07 /* Release */,
			);
			defaultConfigurationIsVisible = 0;
			defaultConfigurationName = Release;
		};
/* End XCConfigurationList section */
	};
	rootObject = 2D8BC0FD2B73B0AB00CA1D07 /* Project object */;
}
